
Microsoft Visual Studio Solution File, Format Version 12.00
# Visual Studio 15
VisualStudioVersion = 15.0.27004.2009
MinimumVisualStudioVersion = 10.0.40219.1
Project("{FAE04EC0-301F-11D3-BF4B-00C04F79EFBC}") = "PMCParserSetup", "PMCParserSetup\PMCParserSetup.csproj", "{BA6CD7F9-1492-47B6-A3FD-D1CFE6934307}"
EndProject
Global
	GlobalSection(SolutionConfigurationPlatforms) = preSolution
		Debug|Any CPU = Debug|Any CPU
		Release|Any CPU = Release|Any CPU
	EndGlobalSection
	GlobalSection(ProjectConfigurationPlatforms) = postSolution
		{BA6CD7F9-1492-47B6-A3FD-D1CFE6934307}.Debug|Any CPU.ActiveCfg = Debug|Any CPU
		{BA6CD7F9-1492-47B6-A3FD-D1CFE6934307}.Debug|Any CPU.Build.0 = Debug|Any CPU
		{BA6CD7F9-1492-47B6-A3FD-D1CFE6934307}.Release|Any CPU.ActiveCfg = Release|Any CPU
		{BA6CD7F9-1492-47B6-A3FD-D1CFE6934307}.Release|Any CPU.Build.0 = Release|Any CPU
	EndGlobalSection
	GlobalSection(SolutionProperties) = preSolution
		HideSolutionNode = FALSE
	EndGlobalSection
	GlobalSection(ExtensibilityGlobals) = postSolution
		SolutionGuid = {79F3D5AF-387B-4D39-A2BA-85119130A261}
	EndGlobalSection
EndGlobal
